
Microsoft Visual Studio Solution File, Format Version 12.00
# Visual Studio 15
VisualStudioVersion = 15.0.28307.705
MinimumVisualStudioVersion = 10.0.40219.1
Project("{FAE04EC0-301F-11D3-BF4B-00C04F79EFBC}") = "EjemploProgressBarY_Datagridview", "EjemploProgressBarY_Datagridview\EjemploProgressBarY_Datagridview.csproj", "{804EB8F8-920B-4896-9D7E-538C6F2AD232}"
EndProject
Global
	GlobalSection(SolutionConfigurationPlatforms) = preSolution
		Debug|Any CPU = Debug|Any CPU
		Release|Any CPU = Release|Any CPU
	EndGlobalSection
	GlobalSection(ProjectConfigurationPlatforms) = postSolution
		{804EB8F8-920B-4896-9D7E-538C6F2AD232}.Debug|Any CPU.ActiveCfg = Debug|Any CPU
		{804EB8F8-920B-4896-9D7E-538C6F2AD232}.Debug|Any CPU.Build.0 = Debug|Any CPU
		{804EB8F8-920B-4896-9D7E-538C6F2AD232}.Release|Any CPU.ActiveCfg = Release|Any CPU
		{804EB8F8-920B-4896-9D7E-538C6F2AD232}.Release|Any CPU.Build.0 = Release|Any CPU
	EndGlobalSection
	GlobalSection(SolutionProperties) = preSolution
		HideSolutionNode = FALSE
	EndGlobalSection
	GlobalSection(ExtensibilityGlobals) = postSolution
		SolutionGuid = {B082FDC5-22C6-4AC0-BB20-752724211E6E}
	EndGlobalSection
EndGlobal
